// !$*UTF8*$!
{
	archiveVersion = 1;
	classes = {
	};
	objectVersion = 50;
	objects = {

/* Begin PBXBuildFile section */
		3EB10C65F539CDC146D06270 /* Pods_todo.framework in Frameworks */ = {isa = PBXBuildFile; fileRef = E6669A6FCF146E40794A4403 /* Pods_todo.framework */; };
		E472287820D4A1B900F5378C /* AppDelegate.swift in Sources */ = {isa = PBXBuildFile; fileRef = E472287720D4A1B900F5378C /* AppDelegate.swift */; };
		E472287D20D4A1B900F5378C /* Main.storyboard in Resources */ = {isa = PBXBuildFile; fileRef = E472287B20D4A1B900F5378C /* Main.storyboard */; };
		E472288020D4A1B900F5378C /* todo.xcdatamodeld in Sources */ = {isa = PBXBuildFile; fileRef = E472287E20D4A1B900F5378C /* todo.xcdatamodeld */; };
		E472288220D4A1BB00F5378C /* Assets.xcassets in Resources */ = {isa = PBXBuildFile; fileRef = E472288120D4A1BB00F5378C /* Assets.xcassets */; };
		E472288520D4A1BB00F5378C /* LaunchScreen.storyboard in Resources */ = {isa = PBXBuildFile; fileRef = E472288320D4A1BB00F5378C /* LaunchScreen.storyboard */; };
		E472288D20D4A6C400F5378C /* Todo.swift in Sources */ = {isa = PBXBuildFile; fileRef = E472288C20D4A6C400F5378C /* Todo.swift */; };
		E472288F20D4AA6700F5378C /* TodoTableViewController.swift in Sources */ = {isa = PBXBuildFile; fileRef = E472288E20D4AA6700F5378C /* TodoTableViewController.swift */; };
		E472289120D4B78800F5378C /* CreateTodoViewController.swift in Sources */ = {isa = PBXBuildFile; fileRef = E472289020D4B78800F5378C /* CreateTodoViewController.swift */; };
		E472289320D5905D00F5378C /* UpdateTodoViewController.swift in Sources */ = {isa = PBXBuildFile; fileRef = E472289220D5905D00F5378C /* UpdateTodoViewController.swift */; };
		E472289520D5A0CD00F5378C /* Auth0.plist in Resources */ = {isa = PBXBuildFile; fileRef = E472289420D5A0CD00F5378C /* Auth0.plist */; };
		E472289720D5A44300F5378C /* LoginViewController.swift in Sources */ = {isa = PBXBuildFile; fileRef = E472289620D5A44300F5378C /* LoginViewController.swift */; };
/* End PBXBuildFile section */

/* Begin PBXFileReference section */
		35E1FA1FA9BEEAE62931E9F1 /* Pods-todo.debug.xcconfig */ = {isa = PBXFileReference; includeInIndex = 1; lastKnownFileType = text.xcconfig; name = "Pods-todo.debug.xcconfig"; path = "Pods/Target Support Files/Pods-todo/Pods-todo.debug.xcconfig"; sourceTree = "<group>"; };
		8439701AF69D0CD19D0A5701 /* Pods-todo.release.xcconfig */ = {isa = PBXFileReference; includeInIndex = 1; lastKnownFileType = text.xcconfig; name = "Pods-todo.release.xcconfig"; path = "Pods/Target Support Files/Pods-todo/Pods-todo.release.xcconfig"; sourceTree = "<group>"; };
		E472287420D4A1B900F5378C /* todo.app */ = {isa = PBXFileReference; explicitFileType = wrapper.application; includeInIndex = 0; path = todo.app; sourceTree = BUILT_PRODUCTS_DIR; };
		E472287720D4A1B900F5378C /* AppDelegate.swift */ = {isa = PBXFileReference; lastKnownFileType = sourcecode.swift; path = AppDelegate.swift; sourceTree = "<group>"; };
		E472287C20D4A1B900F5378C /* Base */ = {isa = PBXFileReference; lastKnownFileType = file.storyboard; name = Base; path = Base.lproj/Main.storyboard; sourceTree = "<group>"; };
		E472287F20D4A1B900F5378C /* todo.xcdatamodel */ = {isa = PBXFileReference; lastKnownFileType = wrapper.xcdatamodel; path = todo.xcdatamodel; sourceTree = "<group>"; };
		E472288120D4A1BB00F5378C /* Assets.xcassets */ = {isa = PBXFileReference; lastKnownFileType = folder.assetcatalog; path = Assets.xcassets; sourceTree = "<group>"; };
		E472288420D4A1BB00F5378C /* Base */ = {isa = PBXFileReference; lastKnownFileType = file.storyboard; name = Base; path = Base.lproj/LaunchScreen.storyboard; sourceTree = "<group>"; };
		E472288620D4A1BB00F5378C /* Info.plist */ = {isa = PBXFileReference; lastKnownFileType = text.plist.xml; path = Info.plist; sourceTree = "<group>"; };
		E472288C20D4A6C400F5378C /* Todo.swift */ = {isa = PBXFileReference; lastKnownFileType = sourcecode.swift; path = Todo.swift; sourceTree = "<group>"; };
		E472288E20D4AA6700F5378C /* TodoTableViewController.swift */ = {isa = PBXFileReference; lastKnownFileType = sourcecode.swift; path = TodoTableViewController.swift; sourceTree = "<group>"; };
		E472289020D4B78800F5378C /* CreateTodoViewController.swift */ = {isa = PBXFileReference; lastKnownFileType = sourcecode.swift; path = CreateTodoViewController.swift; sourceTree = "<group>"; };
		E472289220D5905D00F5378C /* UpdateTodoViewController.swift */ = {isa = PBXFileReference; lastKnownFileType = sourcecode.swift; path = UpdateTodoViewController.swift; sourceTree = "<group>"; };
		E472289420D5A0CD00F5378C /* Auth0.plist */ = {isa = PBXFileReference; lastKnownFileType = text.plist; path = Auth0.plist; sourceTree = "<group>"; };
		E472289620D5A44300F5378C /* LoginViewController.swift */ = {isa = PBXFileReference; lastKnownFileType = sourcecode.swift; path = LoginViewController.swift; sourceTree = "<group>"; };
		E6669A6FCF146E40794A4403 /* Pods_todo.framework */ = {isa = PBXFileReference; explicitFileType = wrapper.framework; includeInIndex = 0; path = Pods_todo.framework; sourceTree = BUILT_PRODUCTS_DIR; };
/* End PBXFileReference section */

/* Begin PBXFrameworksBuildPhase section */
		E472287120D4A1B900F5378C /* Frameworks */ = {
			isa = PBXFrameworksBuildPhase;
			buildActionMask = 2147483647;
			files = (
				3EB10C65F539CDC146D06270 /* Pods_todo.framework in Frameworks */,
			);
			runOnlyForDeploymentPostprocessing = 0;
		};
/* End PBXFrameworksBuildPhase section */

/* Begin PBXGroup section */
		0E43570A8CC3ABE9DAA6A517 /* Pods */ = {
			isa = PBXGroup;
			children = (
				35E1FA1FA9BEEAE62931E9F1 /* Pods-todo.debug.xcconfig */,
				8439701AF69D0CD19D0A5701 /* Pods-todo.release.xcconfig */,
			);
			name = Pods;
			sourceTree = "<group>";
		};
		1F1EF62981FEEF58AD02AC4A /* Frameworks */ = {
			isa = PBXGroup;
			children = (
				E6669A6FCF146E40794A4403 /* Pods_todo.framework */,
			);
			name = Frameworks;
			sourceTree = "<group>";
		};
		E472286B20D4A1B900F5378C = {
			isa = PBXGroup;
			children = (
				E472287620D4A1B900F5378C /* todo */,
				E472287520D4A1B900F5378C /* Products */,
				0E43570A8CC3ABE9DAA6A517 /* Pods */,
				1F1EF62981FEEF58AD02AC4A /* Frameworks */,
			);
			sourceTree = "<group>";
		};
		E472287520D4A1B900F5378C /* Products */ = {
			isa = PBXGroup;
			children = (
				E472287420D4A1B900F5378C /* todo.app */,
			);
			name = Products;
			sourceTree = "<group>";
		};
		E472287620D4A1B900F5378C /* todo */ = {
			isa = PBXGroup;
			children = (
				E472287720D4A1B900F5378C /* AppDelegate.swift */,
				E472289620D5A44300F5378C /* LoginViewController.swift */,
				E472289020D4B78800F5378C /* CreateTodoViewController.swift */,
				E472288E20D4AA6700F5378C /* TodoTableViewController.swift */,
				E472289220D5905D00F5378C /* UpdateTodoViewController.swift */,
				E472287B20D4A1B900F5378C /* Main.storyboard */,
				E472288120D4A1BB00F5378C /* Assets.xcassets */,
				E472288320D4A1BB00F5378C /* LaunchScreen.storyboard */,
				E472288620D4A1BB00F5378C /* Info.plist */,
				E472289420D5A0CD00F5378C /* Auth0.plist */,
				E472287E20D4A1B900F5378C /* todo.xcdatamodeld */,
				E472288C20D4A6C400F5378C /* Todo.swift */,
			);
			path = todo;
			sourceTree = "<group>";
		};
/* End PBXGroup section */

/* Begin PBXNativeTarget section */
		E472287320D4A1B900F5378C /* todo */ = {
			isa = PBXNativeTarget;
			buildConfigurationList = E472288920D4A1BB00F5378C /* Build configuration list for PBXNativeTarget "todo" */;
			buildPhases = (
				7996BD0D6B456CCFAA34DBB6 /* [CP] Check Pods Manifest.lock */,
				E472287020D4A1B900F5378C /* Sources */,
				E472287120D4A1B900F5378C /* Frameworks */,
				E472287220D4A1B900F5378C /* Resources */,
				64B8F0070A49A6CA3E5AC15C /* [CP] Embed Pods Frameworks */,
			);
			buildRules = (
			);
			dependencies = (
			);
			name = todo;
			productName = todo;
			productReference = E472287420D4A1B900F5378C /* todo.app */;
			productType = "com.apple.product-type.application";
		};
/* End PBXNativeTarget section */

/* Begin PBXProject section */
		E472286C20D4A1B900F5378C /* Project object */ = {
			isa = PBXProject;
			attributes = {
				LastSwiftUpdateCheck = 0940;
				LastUpgradeCheck = 0940;
				ORGANIZATIONNAME = LimEntertainment;
				TargetAttributes = {
					E472287320D4A1B900F5378C = {
						CreatedOnToolsVersion = 9.4;
					};
				};
			};
			buildConfigurationList = E472286F20D4A1B900F5378C /* Build configuration list for PBXProject "todo" */;
			compatibilityVersion = "Xcode 9.3";
			developmentRegion = en;
			hasScannedForEncodings = 0;
			knownRegions = (
				en,
				Base,
			);
			mainGroup = E472286B20D4A1B900F5378C;
			productRefGroup = E472287520D4A1B900F5378C /* Products */;
			projectDirPath = "";
			projectRoot = "";
			targets = (
				E472287320D4A1B900F5378C /* todo */,
			);
		};
/* End PBXProject section */

/* Begin PBXResourcesBuildPhase section */
		E472287220D4A1B900F5378C /* Resources */ = {
			isa = PBXResourcesBuildPhase;
			buildActionMask = 2147483647;
			files = (
				E472288520D4A1BB00F5378C /* LaunchScreen.storyboard in Resources */,
				E472288220D4A1BB00F5378C /* Assets.xcassets in Resources */,
				E472287D20D4A1B900F5378C /* Main.storyboard in Resources */,
				E472289520D5A0CD00F5378C /* Auth0.plist in Resources */,
			);
			runOnlyForDeploymentPostprocessing = 0;
		};
/* End PBXResourcesBuildPhase section */

/* Begin PBXShellScriptBuildPhase section */
		64B8F0070A49A6CA3E5AC15C /* [CP] Embed Pods Frameworks */ = {
			isa = PBXShellScriptBuildPhase;
			buildActionMask = 2147483647;
			files = (
			);
			inputPaths = (
				"${SRCROOT}/Pods/Target Support Files/Pods-todo/Pods-todo-frameworks.sh",
				"${BUILT_PRODUCTS_DIR}/Auth0/Auth0.framework",
				"${BUILT_PRODUCTS_DIR}/SimpleKeychain/SimpleKeychain.framework",
			);
			name = "[CP] Embed Pods Frameworks";
			outputPaths = (
				"${TARGET_BUILD_DIR}/${FRAMEWORKS_FOLDER_PATH}/Auth0.framework",
				"${TARGET_BUILD_DIR}/${FRAMEWORKS_FOLDER_PATH}/SimpleKeychain.framework",
			);
			runOnlyForDeploymentPostprocessing = 0;
			shellPath = /bin/sh;
			shellScript = "\"${SRCROOT}/Pods/Target Support Files/Pods-todo/Pods-todo-frameworks.sh\"\n";
			showEnvVarsInLog = 0;
		};
		7996BD0D6B456CCFAA34DBB6 /* [CP] Check Pods Manifest.lock */ = {
			isa = PBXShellScriptBuildPhase;
			buildActionMask = 2147483647;
			files = (
			);
			inputPaths = (
				"${PODS_PODFILE_DIR_PATH}/Podfile.lock",
				"${PODS_ROOT}/Manifest.lock",
			);
			name = "[CP] Check Pods Manifest.lock";
			outputPaths = (
				"$(DERIVED_FILE_DIR)/Pods-todo-checkManifestLockResult.txt",
			);
			runOnlyForDeploymentPostprocessing = 0;
			shellPath = /bin/sh;
			shellScript = "diff \"${PODS_PODFILE_DIR_PATH}/Podfile.lock\" \"${PODS_ROOT}/Manifest.lock\" > /dev/null\nif [ $? != 0 ] ; then\n    # print error to STDERR\n    echo \"error: The sandbox is not in sync with the Podfile.lock. Run 'pod install' or update your CocoaPods installation.\" >&2\n    exit 1\nfi\n# This output is used by Xcode 'outputs' to avoid re-running this script phase.\necho \"SUCCESS\" > \"${SCRIPT_OUTPUT_FILE_0}\"\n";
			showEnvVarsInLog = 0;
		};
/* End PBXShellScriptBuildPhase section */

/* Begin PBXSourcesBuildPhase section */
		E472287020D4A1B900F5378C /* Sources */ = {
			isa = PBXSourcesBuildPhase;
			buildActionMask = 2147483647;
			files = (
				E472289720D5A44300F5378C /* LoginViewController.swift in Sources */,
				E472287820D4A1B900F5378C /* AppDelegate.swift in Sources */,
				E472289320D5905D00F5378C /* UpdateTodoViewController.swift in Sources */,
				E472288F20D4AA6700F5378C /* TodoTableViewController.swift in Sources */,
				E472288020D4A1B900F5378C /* todo.xcdatamodeld in Sources */,
				E472289120D4B78800F5378C /* CreateTodoViewController.swift in Sources */,
				E472288D20D4A6C400F5378C /* Todo.swift in Sources */,
			);
			runOnlyForDeploymentPostprocessing = 0;
		};
/* End PBXSourcesBuildPhase section */

/* Begin PBXVariantGroup section */
		E472287B20D4A1B900F5378C /* Main.storyboard */ = {
			isa = PBXVariantGroup;
			children = (
				E472287C20D4A1B900F5378C /* Base */,
			);
			name = Main.storyboard;
			sourceTree = "<group>";
		};
		E472288320D4A1BB00F5378C /* LaunchScreen.storyboard */ = {
			isa = PBXVariantGroup;
			children = (
				E472288420D4A1BB00F5378C /* Base */,
			);
			name = LaunchScreen.storyboard;
			sourceTree = "<group>";
		};
/* End PBXVariantGroup section */

/* Begin XCBuildConfiguration section */
		E472288720D4A1BB00F5378C /* Debug */ = {
			isa = XCBuildConfiguration;
			buildSettings = {
				ALWAYS_SEARCH_USER_PATHS = NO;
				CLANG_ANALYZER_NONNULL = YES;
				CLANG_ANALYZER_NUMBER_OBJECT_CONVERSION = YES_AGGRESSIVE;
				CLANG_CXX_LANGUAGE_STANDARD = "gnu++14";
				CLANG_CXX_LIBRARY = "libc++";
				CLANG_ENABLE_MODULES = YES;
				CLANG_ENABLE_OBJC_ARC = YES;
				CLANG_ENABLE_OBJC_WEAK = YES;
				CLANG_WARN_BLOCK_CAPTURE_AUTORELEASING = YES;
				CLANG_WARN_BOOL_CONVERSION = YES;
				CLANG_WARN_COMMA = YES;
				CLANG_WARN_CONSTANT_CONVERSION = YES;
				CLANG_WARN_DEPRECATED_OBJC_IMPLEMENTATIONS = YES;
				CLANG_WARN_DIRECT_OBJC_ISA_USAGE = YES_ERROR;
				CLANG_WARN_DOCUMENTATION_COMMENTS = YES;
				CLANG_WARN_EMPTY_BODY = YES;
				CLANG_WARN_ENUM_CONVERSION = YES;
				CLANG_WARN_INFINITE_RECURSION = YES;
				CLANG_WARN_INT_CONVERSION = YES;
				CLANG_WARN_NON_LITERAL_NULL_CONVERSION = YES;
				CLANG_WARN_OBJC_IMPLICIT_RETAIN_SELF = YES;
				CLANG_WARN_OBJC_LITERAL_CONVERSION = YES;
				CLANG_WARN_OBJC_ROOT_CLASS = YES_ERROR;
				CLANG_WARN_RANGE_LOOP_ANALYSIS = YES;
				CLANG_WARN_STRICT_PROTOTYPES = YES;
				CLANG_WARN_SUSPICIOUS_MOVE = YES;
				CLANG_WARN_UNGUARDED_AVAILABILITY = YES_AGGRESSIVE;
				CLANG_WARN_UNREACHABLE_CODE = YES;
				CLANG_WARN__DUPLICATE_METHOD_MATCH = YES;
				CODE_SIGN_IDENTITY = "iPhone Developer";
				COPY_PHASE_STRIP = NO;
				DEBUG_INFORMATION_FORMAT = dwarf;
				ENABLE_STRICT_OBJC_MSGSEND = YES;
				ENABLE_TESTABILITY = YES;
				GCC_C_LANGUAGE_STANDARD = gnu11;
				GCC_DYNAMIC_NO_PIC = NO;
				GCC_NO_COMMON_BLOCKS = YES;
				GCC_OPTIMIZATION_LEVEL = 0;
				GCC_PREPROCESSOR_DEFINITIONS = (
					"DEBUG=1",
					"$(inherited)",
				);
				GCC_WARN_64_TO_32_BIT_CONVERSION = YES;
				GCC_WARN_ABOUT_RETURN_TYPE = YES_ERROR;
				GCC_WARN_UNDECLARED_SELECTOR = YES;
				GCC_WARN_UNINITIALIZED_AUTOS = YES_AGGRESSIVE;
				GCC_WARN_UNUSED_FUNCTION = YES;
				GCC_WARN_UNUSED_VARIABLE = YES;
				IPHONEOS_DEPLOYMENT_TARGET = 11.4;
				MTL_ENABLE_DEBUG_INFO = YES;
				ONLY_ACTIVE_ARCH = YES;
				SDKROOT = iphoneos;
				SWIFT_ACTIVE_COMPILATION_CONDITIONS = DEBUG;
				SWIFT_OPTIMIZATION_LEVEL = "-Onone";
			};
			name = Debug;
		};
		E472288820D4A1BB00F5378C /* Release */ = {
			isa = XCBuildConfiguration;
			buildSettings = {
				ALWAYS_SEARCH_USER_PATHS = NO;
				CLANG_ANALYZER_NONNULL = YES;
				CLANG_ANALYZER_NUMBER_OBJECT_CONVERSION = YES_AGGRESSIVE;
				CLANG_CXX_LANGUAGE_STANDARD = "gnu++14";
				CLANG_CXX_LIBRARY = "libc++";
				CLANG_ENABLE_MODULES = YES;
				CLANG_ENABLE_OBJC_ARC = YES;
				CLANG_ENABLE_OBJC_WEAK = YES;
				CLANG_WARN_BLOCK_CAPTURE_AUTORELEASING = YES;
				CLANG_WARN_BOOL_CONVERSION = YES;
				CLANG_WARN_COMMA = YES;
				CLANG_WARN_CONSTANT_CONVERSION = YES;
				CLANG_WARN_DEPRECATED_OBJC_IMPLEMENTATIONS = YES;
				CLANG_WARN_DIRECT_OBJC_ISA_USAGE = YES_ERROR;
				CLANG_WARN_DOCUMENTATION_COMMENTS = YES;
				CLANG_WARN_EMPTY_BODY = YES;
				CLANG_WARN_ENUM_CONVERSION = YES;
				CLANG_WARN_INFINITE_RECURSION = YES;
				CLANG_WARN_INT_CONVERSION = YES;
				CLANG_WARN_NON_LITERAL_NULL_CONVERSION = YES;
				CLANG_WARN_OBJC_IMPLICIT_RETAIN_SELF = YES;
				CLANG_WARN_OBJC_LITERAL_CONVERSION = YES;
				CLANG_WARN_OBJC_ROOT_CLASS = YES_ERROR;
				CLANG_WARN_RANGE_LOOP_ANALYSIS = YES;
				CLANG_WARN_STRICT_PROTOTYPES = YES;
				CLANG_WARN_SUSPICIOUS_MOVE = YES;
				CLANG_WARN_UNGUARDED_AVAILABILITY = YES_AGGRESSIVE;
				CLANG_WARN_UNREACHABLE_CODE = YES;
				CLANG_WARN__DUPLICATE_METHOD_MATCH = YES;
				CODE_SIGN_IDENTITY = "iPhone Developer";
				COPY_PHASE_STRIP = NO;
				DEBUG_INFORMATION_FORMAT = "dwarf-with-dsym";
				ENABLE_NS_ASSERTIONS = NO;
				ENABLE_STRICT_OBJC_MSGSEND = YES;
				GCC_C_LANGUAGE_STANDARD = gnu11;
				GCC_NO_COMMON_BLOCKS = YES;
				GCC_WARN_64_TO_32_BIT_CONVERSION = YES;
				GCC_WARN_ABOUT_RETURN_TYPE = YES_ERROR;
				GCC_WARN_UNDECLARED_SELECTOR = YES;
				GCC_WARN_UNINITIALIZED_AUTOS = YES_AGGRESSIVE;
				GCC_WARN_UNUSED_FUNCTION = YES;
				GCC_WARN_UNUSED_VARIABLE = YES;
				IPHONEOS_DEPLOYMENT_TARGET = 11.4;
				MTL_ENABLE_DEBUG_INFO = NO;
				SDKROOT = iphoneos;
				SWIFT_COMPILATION_MODE = wholemodule;
				SWIFT_OPTIMIZATION_LEVEL = "-O";
				VALIDATE_PRODUCT = YES;
			};
			name = Release;
		};
		E472288A20D4A1BB00F5378C /* Debug */ = {
			isa = XCBuildConfiguration;
			baseConfigurationReference = 35E1FA1FA9BEEAE62931E9F1 /* Pods-todo.debug.xcconfig */;
			buildSettings = {
				ASSETCATALOG_COMPILER_APPICON_NAME = AppIcon;
				CODE_SIGN_STYLE = Automatic;
				DEVELOPMENT_TEAM = "";
				INFOPLIST_FILE = todo/Info.plist;
				LD_RUNPATH_SEARCH_PATHS = (
					"$(inherited)",
					"@executable_path/Frameworks",
				);
				PRODUCT_BUNDLE_IDENTIFIER = com.LimEntertainment.todo;
				PRODUCT_NAME = "$(TARGET_NAME)";
				SWIFT_VERSION = 4.0;
				TARGETED_DEVICE_FAMILY = "1,2";
			};
			name = Debug;
		};
		E472288B20D4A1BB00F5378C /* Release */ = {
			isa = XCBuildConfiguration;
			baseConfigurationReference = 8439701AF69D0CD19D0A5701 /* Pods-todo.release.xcconfig */;
			buildSettings = {
				ASSETCATALOG_COMPILER_APPICON_NAME = AppIcon;
				CODE_SIGN_STYLE = Automatic;
				DEVELOPMENT_TEAM = "";
				INFOPLIST_FILE = todo/Info.plist;
				LD_RUNPATH_SEARCH_PATHS = (
					"$(inherited)",
					"@executable_path/Frameworks",
				);
				PRODUCT_BUNDLE_IDENTIFIER = com.LimEntertainment.todo;
				PRODUCT_NAME = "$(TARGET_NAME)";
				SWIFT_VERSION = 4.0;
				TARGETED_DEVICE_FAMILY = "1,2";
			};
			name = Release;
		};
/* End XCBuildConfiguration section */

/* Begin XCConfigurationList section */
		E472286F20D4A1B900F5378C /* Build configuration list for PBXProject "todo" */ = {
			isa = XCConfigurationList;
			buildConfigurations = (
				E472288720D4A1BB00F5378C /* Debug */,
				E472288820D4A1BB00F5378C /* Release */,
			);
			defaultConfigurationIsVisible = 0;
			defaultConfigurationName = Release;
		};
		E472288920D4A1BB00F5378C /* Build configuration list for PBXNativeTarget "todo" */ = {
			isa = XCConfigurationList;
			buildConfigurations = (
				E472288A20D4A1BB00F5378C /* Debug */,
				E472288B20D4A1BB00F5378C /* Release */,
			);
			defaultConfigurationIsVisible = 0;
			defaultConfigurationName = Release;
		};
/* End XCConfigurationList section */

/* Begin XCVersionGroup section */
		E472287E20D4A1B900F5378C /* todo.xcdatamodeld */ = {
			isa = XCVersionGroup;
			children = (
				E472287F20D4A1B900F5378C /* todo.xcdatamodel */,
			);
			currentVersion = E472287F20D4A1B900F5378C /* todo.xcdatamodel */;
			path = todo.xcdatamodeld;
			sourceTree = "<group>";
			versionGroupType = wrapper.xcdatamodel;
		};
/* End XCVersionGroup section */
	};
	rootObject = E472286C20D4A1B900F5378C /* Project object */;
}
